// !$*UTF8*$!
{
	archiveVersion = 1;
	classes = {
	};
	objectVersion = 50;
	objects = {

/* Begin PBXBuildFile section */
		52EBFCDCCE97E8D3C2681C6A /* Pods_TensorDash.framework in Frameworks */ = {isa = PBXBuildFile; fileRef = EF0621A8A9560C591ACA627D /* Pods_TensorDash.framework */; };
		779545A12414F6510038709E /* AppDelegate.swift in Sources */ = {isa = PBXBuildFile; fileRef = 779545A02414F6510038709E /* AppDelegate.swift */; };
		779545A62414F6510038709E /* Main.storyboard in Resources */ = {isa = PBXBuildFile; fileRef = 779545A42414F6510038709E /* Main.storyboard */; };
		779545A82414F6540038709E /* Assets.xcassets in Resources */ = {isa = PBXBuildFile; fileRef = 779545A72414F6540038709E /* Assets.xcassets */; };
		779545AB2414F6540038709E /* LaunchScreen.storyboard in Resources */ = {isa = PBXBuildFile; fileRef = 779545A92414F6540038709E /* LaunchScreen.storyboard */; };
		779545B42414F9350038709E /* RedHatText-Regular.otf in Resources */ = {isa = PBXBuildFile; fileRef = 779545B32414F9350038709E /* RedHatText-Regular.otf */; };
		779545B62414F9AD0038709E /* RedHatDisplay-Regular.otf in Resources */ = {isa = PBXBuildFile; fileRef = 779545B52414F9AD0038709E /* RedHatDisplay-Regular.otf */; };
		779545BC2414FDD10038709E /* loginViewController.swift in Sources */ = {isa = PBXBuildFile; fileRef = 779545BB2414FDD10038709E /* loginViewController.swift */; };
		779545C0241509310038709E /* roundedButton.swift in Sources */ = {isa = PBXBuildFile; fileRef = 779545BF241509300038709E /* roundedButton.swift */; };
		779E15C1241B42AB005488D2 /* FirebaseAuth.swift in Sources */ = {isa = PBXBuildFile; fileRef = 779E15C0241B42AB005488D2 /* FirebaseAuth.swift */; };
		779E15C4241B4310005488D2 /* Reachability.swift in Sources */ = {isa = PBXBuildFile; fileRef = 779E15C3241B4310005488D2 /* Reachability.swift */; };
		779E15DB241B43AE005488D2 /* checkNetwork.swift in Sources */ = {isa = PBXBuildFile; fileRef = 779E15DA241B43AE005488D2 /* checkNetwork.swift */; };
		779E15DD241B43CD005488D2 /* haptic+Feedback.swift in Sources */ = {isa = PBXBuildFile; fileRef = 779E15DC241B43CD005488D2 /* haptic+Feedback.swift */; };
		779E15DF241B43E3005488D2 /* alert+Function.swift in Sources */ = {isa = PBXBuildFile; fileRef = 779E15DE241B43E3005488D2 /* alert+Function.swift */; };
		77B9B5802419FBEE000F0656 /* GoogleService-Info.plist in Resources */ = {isa = PBXBuildFile; fileRef = 77B9B57F2419FBEE000F0656 /* GoogleService-Info.plist */; };
/* End PBXBuildFile section */

/* Begin PBXFileReference section */
		26B9A7A2550BA7A5E97B5CA0 /* Pods-TensorDash.debug.xcconfig */ = {isa = PBXFileReference; includeInIndex = 1; lastKnownFileType = text.xcconfig; name = "Pods-TensorDash.debug.xcconfig"; path = "Target Support Files/Pods-TensorDash/Pods-TensorDash.debug.xcconfig"; sourceTree = "<group>"; };
		39E385671CAA3E1CB1A1BA1F /* Pods-TensorDash.release.xcconfig */ = {isa = PBXFileReference; includeInIndex = 1; lastKnownFileType = text.xcconfig; name = "Pods-TensorDash.release.xcconfig"; path = "Target Support Files/Pods-TensorDash/Pods-TensorDash.release.xcconfig"; sourceTree = "<group>"; };
		7795459D2414F6510038709E /* TensorDash.app */ = {isa = PBXFileReference; explicitFileType = wrapper.application; includeInIndex = 0; path = TensorDash.app; sourceTree = BUILT_PRODUCTS_DIR; };
		779545A02414F6510038709E /* AppDelegate.swift */ = {isa = PBXFileReference; lastKnownFileType = sourcecode.swift; path = AppDelegate.swift; sourceTree = "<group>"; };
		779545A52414F6510038709E /* Base */ = {isa = PBXFileReference; lastKnownFileType = file.storyboard; name = Base; path = Base.lproj/Main.storyboard; sourceTree = "<group>"; };
		779545A72414F6540038709E /* Assets.xcassets */ = {isa = PBXFileReference; lastKnownFileType = folder.assetcatalog; path = Assets.xcassets; sourceTree = "<group>"; };
		779545AA2414F6540038709E /* Base */ = {isa = PBXFileReference; lastKnownFileType = file.storyboard; name = Base; path = Base.lproj/LaunchScreen.storyboard; sourceTree = "<group>"; };
		779545AC2414F6540038709E /* Info.plist */ = {isa = PBXFileReference; lastKnownFileType = text.plist.xml; path = Info.plist; sourceTree = "<group>"; };
		779545B32414F9350038709E /* RedHatText-Regular.otf */ = {isa = PBXFileReference; lastKnownFileType = file; path = "RedHatText-Regular.otf"; sourceTree = "<group>"; };
		779545B52414F9AD0038709E /* RedHatDisplay-Regular.otf */ = {isa = PBXFileReference; lastKnownFileType = file; path = "RedHatDisplay-Regular.otf"; sourceTree = "<group>"; };
		779545BB2414FDD10038709E /* loginViewController.swift */ = {isa = PBXFileReference; lastKnownFileType = sourcecode.swift; path = loginViewController.swift; sourceTree = "<group>"; };
		779545BF241509300038709E /* roundedButton.swift */ = {isa = PBXFileReference; lastKnownFileType = sourcecode.swift; path = roundedButton.swift; sourceTree = "<group>"; };
		779E15C0241B42AB005488D2 /* FirebaseAuth.swift */ = {isa = PBXFileReference; lastKnownFileType = sourcecode.swift; path = FirebaseAuth.swift; sourceTree = "<group>"; };
		779E15C3241B4310005488D2 /* Reachability.swift */ = {isa = PBXFileReference; fileEncoding = 4; lastKnownFileType = sourcecode.swift; path = Reachability.swift; sourceTree = "<group>"; };
		779E15DA241B43AE005488D2 /* checkNetwork.swift */ = {isa = PBXFileReference; lastKnownFileType = sourcecode.swift; path = checkNetwork.swift; sourceTree = "<group>"; };
		779E15DC241B43CD005488D2 /* haptic+Feedback.swift */ = {isa = PBXFileReference; lastKnownFileType = sourcecode.swift; path = "haptic+Feedback.swift"; sourceTree = "<group>"; };
		779E15DE241B43E3005488D2 /* alert+Function.swift */ = {isa = PBXFileReference; lastKnownFileType = sourcecode.swift; path = "alert+Function.swift"; sourceTree = "<group>"; };
		77B9B57F2419FBEE000F0656 /* GoogleService-Info.plist */ = {isa = PBXFileReference; fileEncoding = 4; lastKnownFileType = text.plist.xml; path = "GoogleService-Info.plist"; sourceTree = "<group>"; };
		EF0621A8A9560C591ACA627D /* Pods_TensorDash.framework */ = {isa = PBXFileReference; explicitFileType = wrapper.framework; includeInIndex = 0; path = Pods_TensorDash.framework; sourceTree = BUILT_PRODUCTS_DIR; };
/* End PBXFileReference section */

/* Begin PBXFrameworksBuildPhase section */
		7795459A2414F6510038709E /* Frameworks */ = {
			isa = PBXFrameworksBuildPhase;
			buildActionMask = 2147483647;
			files = (
				52EBFCDCCE97E8D3C2681C6A /* Pods_TensorDash.framework in Frameworks */,
			);
			runOnlyForDeploymentPostprocessing = 0;
		};
/* End PBXFrameworksBuildPhase section */

/* Begin PBXGroup section */
		45A3D93EBC4809C93BD18FD2 /* Pods */ = {
			isa = PBXGroup;
			children = (
				26B9A7A2550BA7A5E97B5CA0 /* Pods-TensorDash.debug.xcconfig */,
				39E385671CAA3E1CB1A1BA1F /* Pods-TensorDash.release.xcconfig */,
			);
			path = Pods;
			sourceTree = "<group>";
		};
		779545942414F6510038709E = {
			isa = PBXGroup;
			children = (
				7795459F2414F6510038709E /* TensorDash */,
				7795459E2414F6510038709E /* Products */,
				45A3D93EBC4809C93BD18FD2 /* Pods */,
				ADB3466E3EA96BE682FC3B08 /* Frameworks */,
			);
			sourceTree = "<group>";
		};
		7795459E2414F6510038709E /* Products */ = {
			isa = PBXGroup;
			children = (
				7795459D2414F6510038709E /* TensorDash.app */,
			);
			name = Products;
			sourceTree = "<group>";
		};
		7795459F2414F6510038709E /* TensorDash */ = {
			isa = PBXGroup;
			children = (
				779E15D9241B4396005488D2 /* Extensions */,
				779E15BF241B41EA005488D2 /* Firebase Auth */,
				779545BA2414FCFE0038709E /* Model */,
				779545B82414FCDD0038709E /* Controllers */,
				779545B72414FCD10038709E /* View */,
				779545B22414F9260038709E /* Fonts */,
				779E15C2241B4310005488D2 /* Services */,
				779545B92414FCF30038709E /* Helpers */,
				779545AC2414F6540038709E /* Info.plist */,
				77B9B57F2419FBEE000F0656 /* GoogleService-Info.plist */,
			);
			path = TensorDash;
			sourceTree = "<group>";
		};
		779545B22414F9260038709E /* Fonts */ = {
			isa = PBXGroup;
			children = (
				779545B32414F9350038709E /* RedHatText-Regular.otf */,
				779545B52414F9AD0038709E /* RedHatDisplay-Regular.otf */,
			);
			path = Fonts;
			sourceTree = "<group>";
		};
		779545B72414FCD10038709E /* View */ = {
			isa = PBXGroup;
			children = (
				779545A42414F6510038709E /* Main.storyboard */,
				779545A92414F6540038709E /* LaunchScreen.storyboard */,
			);
			path = View;
			sourceTree = "<group>";
		};
		779545B82414FCDD0038709E /* Controllers */ = {
			isa = PBXGroup;
			children = (
				779545BB2414FDD10038709E /* loginViewController.swift */,
			);
			path = Controllers;
			sourceTree = "<group>";
		};
		779545B92414FCF30038709E /* Helpers */ = {
			isa = PBXGroup;
			children = (
				779545A02414F6510038709E /* AppDelegate.swift */,
				779545BF241509300038709E /* roundedButton.swift */,
				779545A72414F6540038709E /* Assets.xcassets */,
			);
			path = Helpers;
			sourceTree = "<group>";
		};
		779545BA2414FCFE0038709E /* Model */ = {
			isa = PBXGroup;
			children = (
			);
			path = Model;
			sourceTree = "<group>";
		};
		779E15BF241B41EA005488D2 /* Firebase Auth */ = {
			isa = PBXGroup;
			children = (
				779E15C0241B42AB005488D2 /* FirebaseAuth.swift */,
			);
			path = "Firebase Auth";
			sourceTree = "<group>";
		};
		779E15C2241B4310005488D2 /* Services */ = {
			isa = PBXGroup;
			children = (
				779E15C3241B4310005488D2 /* Reachability.swift */,
			);
			path = Services;
			sourceTree = "<group>";
		};
		779E15D9241B4396005488D2 /* Extensions */ = {
			isa = PBXGroup;
			children = (
				779E15DA241B43AE005488D2 /* checkNetwork.swift */,
				779E15DC241B43CD005488D2 /* haptic+Feedback.swift */,
				779E15DE241B43E3005488D2 /* alert+Function.swift */,
			);
			path = Extensions;
			sourceTree = "<group>";
		};
		ADB3466E3EA96BE682FC3B08 /* Frameworks */ = {
			isa = PBXGroup;
			children = (
				EF0621A8A9560C591ACA627D /* Pods_TensorDash.framework */,
			);
			name = Frameworks;
			sourceTree = "<group>";
		};
/* End PBXGroup section */

/* Begin PBXNativeTarget section */
		7795459C2414F6510038709E /* TensorDash */ = {
			isa = PBXNativeTarget;
			buildConfigurationList = 779545AF2414F6540038709E /* Build configuration list for PBXNativeTarget "TensorDash" */;
			buildPhases = (
				3827BBD890EA26952C91D270 /* [CP] Check Pods Manifest.lock */,
				779545992414F6510038709E /* Sources */,
				7795459A2414F6510038709E /* Frameworks */,
				7795459B2414F6510038709E /* Resources */,
				CB987DB81D9E2BEF804646FF /* [CP] Embed Pods Frameworks */,
			);
			buildRules = (
			);
			dependencies = (
			);
			name = TensorDash;
			productName = TensorDash;
			productReference = 7795459D2414F6510038709E /* TensorDash.app */;
			productType = "com.apple.product-type.application";
		};
/* End PBXNativeTarget section */

/* Begin PBXProject section */
		779545952414F6510038709E /* Project object */ = {
			isa = PBXProject;
			attributes = {
				LastSwiftUpdateCheck = 1010;
				LastUpgradeCheck = 1010;
				ORGANIZATIONNAME = "Tensor Dash";
				TargetAttributes = {
					7795459C2414F6510038709E = {
						CreatedOnToolsVersion = 10.1;
					};
				};
			};
			buildConfigurationList = 779545982414F6510038709E /* Build configuration list for PBXProject "TensorDash" */;
			compatibilityVersion = "Xcode 9.3";
			developmentRegion = en;
			hasScannedForEncodings = 0;
			knownRegions = (
				en,
				Base,
			);
			mainGroup = 779545942414F6510038709E;
			productRefGroup = 7795459E2414F6510038709E /* Products */;
			projectDirPath = "";
			projectRoot = "";
			targets = (
				7795459C2414F6510038709E /* TensorDash */,
			);
		};
/* End PBXProject section */

/* Begin PBXResourcesBuildPhase section */
		7795459B2414F6510038709E /* Resources */ = {
			isa = PBXResourcesBuildPhase;
			buildActionMask = 2147483647;
			files = (
				779545AB2414F6540038709E /* LaunchScreen.storyboard in Resources */,
				779545B42414F9350038709E /* RedHatText-Regular.otf in Resources */,
				779545B62414F9AD0038709E /* RedHatDisplay-Regular.otf in Resources */,
				779545A82414F6540038709E /* Assets.xcassets in Resources */,
				779545A62414F6510038709E /* Main.storyboard in Resources */,
				77B9B5802419FBEE000F0656 /* GoogleService-Info.plist in Resources */,
			);
			runOnlyForDeploymentPostprocessing = 0;
		};
/* End PBXResourcesBuildPhase section */

/* Begin PBXShellScriptBuildPhase section */
		3827BBD890EA26952C91D270 /* [CP] Check Pods Manifest.lock */ = {
			isa = PBXShellScriptBuildPhase;
			buildActionMask = 2147483647;
			files = (
			);
			inputFileListPaths = (
			);
			inputPaths = (
				"${PODS_PODFILE_DIR_PATH}/Podfile.lock",
				"${PODS_ROOT}/Manifest.lock",
			);
			name = "[CP] Check Pods Manifest.lock";
			outputFileListPaths = (
			);
			outputPaths = (
				"$(DERIVED_FILE_DIR)/Pods-TensorDash-checkManifestLockResult.txt",
			);
			runOnlyForDeploymentPostprocessing = 0;
			shellPath = /bin/sh;
			shellScript = "diff \"${PODS_PODFILE_DIR_PATH}/Podfile.lock\" \"${PODS_ROOT}/Manifest.lock\" > /dev/null\nif [ $? != 0 ] ; then\n    # print error to STDERR\n    echo \"error: The sandbox is not in sync with the Podfile.lock. Run 'pod install' or update your CocoaPods installation.\" >&2\n    exit 1\nfi\n# This output is used by Xcode 'outputs' to avoid re-running this script phase.\necho \"SUCCESS\" > \"${SCRIPT_OUTPUT_FILE_0}\"\n";
			showEnvVarsInLog = 0;
		};
		CB987DB81D9E2BEF804646FF /* [CP] Embed Pods Frameworks */ = {
			isa = PBXShellScriptBuildPhase;
			buildActionMask = 2147483647;
			files = (
			);
			inputFileListPaths = (
			);
			inputPaths = (
				"${PODS_ROOT}/Target Support Files/Pods-TensorDash/Pods-TensorDash-frameworks.sh",
				"${BUILT_PRODUCTS_DIR}/GTMSessionFetcher/GTMSessionFetcher.framework",
				"${BUILT_PRODUCTS_DIR}/GoogleUtilities/GoogleUtilities.framework",
				"${BUILT_PRODUCTS_DIR}/leveldb-library/leveldb.framework",
			);
			name = "[CP] Embed Pods Frameworks";
			outputFileListPaths = (
			);
			outputPaths = (
				"${TARGET_BUILD_DIR}/${FRAMEWORKS_FOLDER_PATH}/GTMSessionFetcher.framework",
				"${TARGET_BUILD_DIR}/${FRAMEWORKS_FOLDER_PATH}/GoogleUtilities.framework",
				"${TARGET_BUILD_DIR}/${FRAMEWORKS_FOLDER_PATH}/leveldb.framework",
			);
			runOnlyForDeploymentPostprocessing = 0;
			shellPath = /bin/sh;
			shellScript = "\"${PODS_ROOT}/Target Support Files/Pods-TensorDash/Pods-TensorDash-frameworks.sh\"\n";
			showEnvVarsInLog = 0;
		};
/* End PBXShellScriptBuildPhase section */

/* Begin PBXSourcesBuildPhase section */
		779545992414F6510038709E /* Sources */ = {
			isa = PBXSourcesBuildPhase;
			buildActionMask = 2147483647;
			files = (
				779E15DF241B43E3005488D2 /* alert+Function.swift in Sources */,
				779E15C1241B42AB005488D2 /* FirebaseAuth.swift in Sources */,
				779545BC2414FDD10038709E /* loginViewController.swift in Sources */,
				779545A12414F6510038709E /* AppDelegate.swift in Sources */,
				779E15DB241B43AE005488D2 /* checkNetwork.swift in Sources */,
				779E15DD241B43CD005488D2 /* haptic+Feedback.swift in Sources */,
				779E15C4241B4310005488D2 /* Reachability.swift in Sources */,
				779545C0241509310038709E /* roundedButton.swift in Sources */,
			);
			runOnlyForDeploymentPostprocessing = 0;
		};
/* End PBXSourcesBuildPhase section */

/* Begin PBXVariantGroup section */
		779545A42414F6510038709E /* Main.storyboard */ = {
			isa = PBXVariantGroup;
			children = (
				779545A52414F6510038709E /* Base */,
			);
			name = Main.storyboard;
			sourceTree = "<group>";
		};
		779545A92414F6540038709E /* LaunchScreen.storyboard */ = {
			isa = PBXVariantGroup;
			children = (
				779545AA2414F6540038709E /* Base */,
			);
			name = LaunchScreen.storyboard;
			sourceTree = "<group>";
		};
/* End PBXVariantGroup section */

/* Begin XCBuildConfiguration section */
		779545AD2414F6540038709E /* Debug */ = {
			isa = XCBuildConfiguration;
			buildSettings = {
				ALWAYS_SEARCH_USER_PATHS = NO;
				CLANG_ANALYZER_NONNULL = YES;
				CLANG_ANALYZER_NUMBER_OBJECT_CONVERSION = YES_AGGRESSIVE;
				CLANG_CXX_LANGUAGE_STANDARD = "gnu++14";
				CLANG_CXX_LIBRARY = "libc++";
				CLANG_ENABLE_MODULES = YES;
				CLANG_ENABLE_OBJC_ARC = YES;
				CLANG_ENABLE_OBJC_WEAK = YES;
				CLANG_WARN_BLOCK_CAPTURE_AUTORELEASING = YES;
				CLANG_WARN_BOOL_CONVERSION = YES;
				CLANG_WARN_COMMA = YES;
				CLANG_WARN_CONSTANT_CONVERSION = YES;
				CLANG_WARN_DEPRECATED_OBJC_IMPLEMENTATIONS = YES;
				CLANG_WARN_DIRECT_OBJC_ISA_USAGE = YES_ERROR;
				CLANG_WARN_DOCUMENTATION_COMMENTS = YES;
				CLANG_WARN_EMPTY_BODY = YES;
				CLANG_WARN_ENUM_CONVERSION = YES;
				CLANG_WARN_INFINITE_RECURSION = YES;
				CLANG_WARN_INT_CONVERSION = YES;
				CLANG_WARN_NON_LITERAL_NULL_CONVERSION = YES;
				CLANG_WARN_OBJC_IMPLICIT_RETAIN_SELF = YES;
				CLANG_WARN_OBJC_LITERAL_CONVERSION = YES;
				CLANG_WARN_OBJC_ROOT_CLASS = YES_ERROR;
				CLANG_WARN_RANGE_LOOP_ANALYSIS = YES;
				CLANG_WARN_STRICT_PROTOTYPES = YES;
				CLANG_WARN_SUSPICIOUS_MOVE = YES;
				CLANG_WARN_UNGUARDED_AVAILABILITY = YES_AGGRESSIVE;
				CLANG_WARN_UNREACHABLE_CODE = YES;
				CLANG_WARN__DUPLICATE_METHOD_MATCH = YES;
				CODE_SIGN_IDENTITY = "iPhone Developer";
				COPY_PHASE_STRIP = NO;
				DEBUG_INFORMATION_FORMAT = dwarf;
				ENABLE_STRICT_OBJC_MSGSEND = YES;
				ENABLE_TESTABILITY = YES;
				GCC_C_LANGUAGE_STANDARD = gnu11;
				GCC_DYNAMIC_NO_PIC = NO;
				GCC_NO_COMMON_BLOCKS = YES;
				GCC_OPTIMIZATION_LEVEL = 0;
				GCC_PREPROCESSOR_DEFINITIONS = (
					"DEBUG=1",
					"$(inherited)",
				);
				GCC_WARN_64_TO_32_BIT_CONVERSION = YES;
				GCC_WARN_ABOUT_RETURN_TYPE = YES_ERROR;
				GCC_WARN_UNDECLARED_SELECTOR = YES;
				GCC_WARN_UNINITIALIZED_AUTOS = YES_AGGRESSIVE;
				GCC_WARN_UNUSED_FUNCTION = YES;
				GCC_WARN_UNUSED_VARIABLE = YES;
				IPHONEOS_DEPLOYMENT_TARGET = 12.1;
				MTL_ENABLE_DEBUG_INFO = INCLUDE_SOURCE;
				MTL_FAST_MATH = YES;
				ONLY_ACTIVE_ARCH = YES;
				SDKROOT = iphoneos;
				SWIFT_ACTIVE_COMPILATION_CONDITIONS = DEBUG;
				SWIFT_OPTIMIZATION_LEVEL = "-Onone";
			};
			name = Debug;
		};
		779545AE2414F6540038709E /* Release */ = {
			isa = XCBuildConfiguration;
			buildSettings = {
				ALWAYS_SEARCH_USER_PATHS = NO;
				CLANG_ANALYZER_NONNULL = YES;
				CLANG_ANALYZER_NUMBER_OBJECT_CONVERSION = YES_AGGRESSIVE;
				CLANG_CXX_LANGUAGE_STANDARD = "gnu++14";
				CLANG_CXX_LIBRARY = "libc++";
				CLANG_ENABLE_MODULES = YES;
				CLANG_ENABLE_OBJC_ARC = YES;
				CLANG_ENABLE_OBJC_WEAK = YES;
				CLANG_WARN_BLOCK_CAPTURE_AUTORELEASING = YES;
				CLANG_WARN_BOOL_CONVERSION = YES;
				CLANG_WARN_COMMA = YES;
				CLANG_WARN_CONSTANT_CONVERSION = YES;
				CLANG_WARN_DEPRECATED_OBJC_IMPLEMENTATIONS = YES;
				CLANG_WARN_DIRECT_OBJC_ISA_USAGE = YES_ERROR;
				CLANG_WARN_DOCUMENTATION_COMMENTS = YES;
				CLANG_WARN_EMPTY_BODY = YES;
				CLANG_WARN_ENUM_CONVERSION = YES;
				CLANG_WARN_INFINITE_RECURSION = YES;
				CLANG_WARN_INT_CONVERSION = YES;
				CLANG_WARN_NON_LITERAL_NULL_CONVERSION = YES;
				CLANG_WARN_OBJC_IMPLICIT_RETAIN_SELF = YES;
				CLANG_WARN_OBJC_LITERAL_CONVERSION = YES;
				CLANG_WARN_OBJC_ROOT_CLASS = YES_ERROR;
				CLANG_WARN_RANGE_LOOP_ANALYSIS = YES;
				CLANG_WARN_STRICT_PROTOTYPES = YES;
				CLANG_WARN_SUSPICIOUS_MOVE = YES;
				CLANG_WARN_UNGUARDED_AVAILABILITY = YES_AGGRESSIVE;
				CLANG_WARN_UNREACHABLE_CODE = YES;
				CLANG_WARN__DUPLICATE_METHOD_MATCH = YES;
				CODE_SIGN_IDENTITY = "iPhone Developer";
				COPY_PHASE_STRIP = NO;
				DEBUG_INFORMATION_FORMAT = "dwarf-with-dsym";
				ENABLE_NS_ASSERTIONS = NO;
				ENABLE_STRICT_OBJC_MSGSEND = YES;
				GCC_C_LANGUAGE_STANDARD = gnu11;
				GCC_NO_COMMON_BLOCKS = YES;
				GCC_WARN_64_TO_32_BIT_CONVERSION = YES;
				GCC_WARN_ABOUT_RETURN_TYPE = YES_ERROR;
				GCC_WARN_UNDECLARED_SELECTOR = YES;
				GCC_WARN_UNINITIALIZED_AUTOS = YES_AGGRESSIVE;
				GCC_WARN_UNUSED_FUNCTION = YES;
				GCC_WARN_UNUSED_VARIABLE = YES;
				IPHONEOS_DEPLOYMENT_TARGET = 12.1;
				MTL_ENABLE_DEBUG_INFO = NO;
				MTL_FAST_MATH = YES;
				SDKROOT = iphoneos;
				SWIFT_COMPILATION_MODE = wholemodule;
				SWIFT_OPTIMIZATION_LEVEL = "-O";
				VALIDATE_PRODUCT = YES;
			};
			name = Release;
		};
		779545B02414F6540038709E /* Debug */ = {
			isa = XCBuildConfiguration;
			baseConfigurationReference = 26B9A7A2550BA7A5E97B5CA0 /* Pods-TensorDash.debug.xcconfig */;
			buildSettings = {
				ASSETCATALOG_COMPILER_APPICON_NAME = AppIcon;
				CODE_SIGN_STYLE = Automatic;
				DEVELOPMENT_TEAM = GTXX84TV93;
				INFOPLIST_FILE = TensorDash/Info.plist;
				LD_RUNPATH_SEARCH_PATHS = (
					"$(inherited)",
					"@executable_path/Frameworks",
				);
				PRODUCT_BUNDLE_IDENTIFIER = in.devangpatel.TensorDash;
				PRODUCT_NAME = "$(TARGET_NAME)";
				SWIFT_VERSION = 4.2;
				TARGETED_DEVICE_FAMILY = 1;
			};
			name = Debug;
		};
		779545B12414F6540038709E /* Release */ = {
			isa = XCBuildConfiguration;
			baseConfigurationReference = 39E385671CAA3E1CB1A1BA1F /* Pods-TensorDash.release.xcconfig */;
			buildSettings = {
				ASSETCATALOG_COMPILER_APPICON_NAME = AppIcon;
				CODE_SIGN_STYLE = Automatic;
				DEVELOPMENT_TEAM = GTXX84TV93;
				INFOPLIST_FILE = TensorDash/Info.plist;
				LD_RUNPATH_SEARCH_PATHS = (
					"$(inherited)",
					"@executable_path/Frameworks",
				);
				PRODUCT_BUNDLE_IDENTIFIER = in.devangpatel.TensorDash;
				PRODUCT_NAME = "$(TARGET_NAME)";
				SWIFT_VERSION = 4.2;
				TARGETED_DEVICE_FAMILY = 1;
			};
			name = Release;
		};
/* End XCBuildConfiguration section */

/* Begin XCConfigurationList section */
		779545982414F6510038709E /* Build configuration list for PBXProject "TensorDash" */ = {
			isa = XCConfigurationList;
			buildConfigurations = (
				779545AD2414F6540038709E /* Debug */,
				779545AE2414F6540038709E /* Release */,
			);
			defaultConfigurationIsVisible = 0;
			defaultConfigurationName = Release;
		};
		779545AF2414F6540038709E /* Build configuration list for PBXNativeTarget "TensorDash" */ = {
			isa = XCConfigurationList;
			buildConfigurations = (
				779545B02414F6540038709E /* Debug */,
				779545B12414F6540038709E /* Release */,
			);
			defaultConfigurationIsVisible = 0;
			defaultConfigurationName = Release;
		};
/* End XCConfigurationList section */
	};
	rootObject = 779545952414F6510038709E /* Project object */;
}
